
Microsoft Visual Studio Solution File, Format Version 12.00
# Visual Studio Version 16
VisualStudioVersion = 16.0.30114.105
MinimumVisualStudioVersion = 10.0.40219.1
Project("{FAE04EC0-301F-11D3-BF4B-00C04F79EFBC}") = "API", "API\API.csproj", "{12890301-4A91-4C60-B674-E81A503F6E2F}"
EndProject
Project("{FAE04EC0-301F-11D3-BF4B-00C04F79EFBC}") = "Core", "Core\Core.csproj", "{52F49D78-FE97-479E-8C25-4D132C316D00}"
EndProject
Project("{FAE04EC0-301F-11D3-BF4B-00C04F79EFBC}") = "Infrastructure", "Infrastructure\Infrastructure.csproj", "{A25F0A52-D1CE-46CE-BA63-DE76344BB515}"
EndProject
Global
	GlobalSection(SolutionConfigurationPlatforms) = preSolution
		Debug|Any CPU = Debug|Any CPU
		Debug|x64 = Debug|x64
		Debug|x86 = Debug|x86
		Release|Any CPU = Release|Any CPU
		Release|x64 = Release|x64
		Release|x86 = Release|x86
	EndGlobalSection
	GlobalSection(SolutionProperties) = preSolution
		HideSolutionNode = FALSE
	EndGlobalSection
	GlobalSection(ProjectConfigurationPlatforms) = postSolution
		{12890301-4A91-4C60-B674-E81A503F6E2F}.Debug|Any CPU.ActiveCfg = Debug|Any CPU
		{12890301-4A91-4C60-B674-E81A503F6E2F}.Debug|Any CPU.Build.0 = Debug|Any CPU
		{12890301-4A91-4C60-B674-E81A503F6E2F}.Debug|x64.ActiveCfg = Debug|Any CPU
		{12890301-4A91-4C60-B674-E81A503F6E2F}.Debug|x64.Build.0 = Debug|Any CPU
		{12890301-4A91-4C60-B674-E81A503F6E2F}.Debug|x86.ActiveCfg = Debug|Any CPU
		{12890301-4A91-4C60-B674-E81A503F6E2F}.Debug|x86.Build.0 = Debug|Any CPU
		{12890301-4A91-4C60-B674-E81A503F6E2F}.Release|Any CPU.ActiveCfg = Release|Any CPU
		{12890301-4A91-4C60-B674-E81A503F6E2F}.Release|Any CPU.Build.0 = Release|Any CPU
		{12890301-4A91-4C60-B674-E81A503F6E2F}.Release|x64.ActiveCfg = Release|Any CPU
		{12890301-4A91-4C60-B674-E81A503F6E2F}.Release|x64.Build.0 = Release|Any CPU
		{12890301-4A91-4C60-B674-E81A503F6E2F}.Release|x86.ActiveCfg = Release|Any CPU
		{12890301-4A91-4C60-B674-E81A503F6E2F}.Release|x86.Build.0 = Release|Any CPU
		{52F49D78-FE97-479E-8C25-4D132C316D00}.Debug|Any CPU.ActiveCfg = Debug|Any CPU
		{52F49D78-FE97-479E-8C25-4D132C316D00}.Debug|Any CPU.Build.0 = Debug|Any CPU
		{52F49D78-FE97-479E-8C25-4D132C316D00}.Debug|x64.ActiveCfg = Debug|Any CPU
		{52F49D78-FE97-479E-8C25-4D132C316D00}.Debug|x64.Build.0 = Debug|Any CPU
		{52F49D78-FE97-479E-8C25-4D132C316D00}.Debug|x86.ActiveCfg = Debug|Any CPU
		{52F49D78-FE97-479E-8C25-4D132C316D00}.Debug|x86.Build.0 = Debug|Any CPU
		{52F49D78-FE97-479E-8C25-4D132C316D00}.Release|Any CPU.ActiveCfg = Release|Any CPU
		{52F49D78-FE97-479E-8C25-4D132C316D00}.Release|Any CPU.Build.0 = Release|Any CPU
		{52F49D78-FE97-479E-8C25-4D132C316D00}.Release|x64.ActiveCfg = Release|Any CPU
		{52F49D78-FE97-479E-8C25-4D132C316D00}.Release|x64.Build.0 = Release|Any CPU
		{52F49D78-FE97-479E-8C25-4D132C316D00}.Release|x86.ActiveCfg = Release|Any CPU
		{52F49D78-FE97-479E-8C25-4D132C316D00}.Release|x86.Build.0 = Release|Any CPU
		{A25F0A52-D1CE-46CE-BA63-DE76344BB515}.Debug|Any CPU.ActiveCfg = Debug|Any CPU
		{A25F0A52-D1CE-46CE-BA63-DE76344BB515}.Debug|Any CPU.Build.0 = Debug|Any CPU
		{A25F0A52-D1CE-46CE-BA63-DE76344BB515}.Debug|x64.ActiveCfg = Debug|Any CPU
		{A25F0A52-D1CE-46CE-BA63-DE76344BB515}.Debug|x64.Build.0 = Debug|Any CPU
		{A25F0A52-D1CE-46CE-BA63-DE76344BB515}.Debug|x86.ActiveCfg = Debug|Any CPU
		{A25F0A52-D1CE-46CE-BA63-DE76344BB515}.Debug|x86.Build.0 = Debug|Any CPU
		{A25F0A52-D1CE-46CE-BA63-DE76344BB515}.Release|Any CPU.ActiveCfg = Release|Any CPU
		{A25F0A52-D1CE-46CE-BA63-DE76344BB515}.Release|Any CPU.Build.0 = Release|Any CPU
		{A25F0A52-D1CE-46CE-BA63-DE76344BB515}.Release|x64.ActiveCfg = Release|Any CPU
		{A25F0A52-D1CE-46CE-BA63-DE76344BB515}.Release|x64.Build.0 = Release|Any CPU
		{A25F0A52-D1CE-46CE-BA63-DE76344BB515}.Release|x86.ActiveCfg = Release|Any CPU
		{A25F0A52-D1CE-46CE-BA63-DE76344BB515}.Release|x86.Build.0 = Release|Any CPU
	EndGlobalSection
EndGlobal
